
Microsoft Visual Studio Solution File, Format Version 12.00
# Visual Studio Version 17
VisualStudioVersion = 17.14.36109.1
MinimumVisualStudioVersion = 10.0.40219.1
Project("{FAE04EC0-301F-11D3-BF4B-00C04F79EFBC}") = "DongQuangHuyWPF", "DongQuangHuyWPF\DongQuangHuyWPF.csproj", "{9E5AC6CA-BCDC-47CF-853F-1D879FAD59DC}"
EndProject
Project("{FAE04EC0-301F-11D3-BF4B-00C04F79EFBC}") = "DataLayer", "DataLayer\DataLayer.csproj", "{DB0C1F21-CD2D-41A2-B472-4C59C1E1A44F}"
EndProject
Project("{FAE04EC0-301F-11D3-BF4B-00C04F79EFBC}") = "BusinessLayer", "BusinessLayer\BusinessLayer.csproj", "{430E64D6-C9C8-4363-8AB3-BFE74C140B3F}"
EndProject
Global
	GlobalSection(SolutionConfigurationPlatforms) = preSolution
		Debug|Any CPU = Debug|Any CPU
		Release|Any CPU = Release|Any CPU
	EndGlobalSection
	GlobalSection(ProjectConfigurationPlatforms) = postSolution
		{9E5AC6CA-BCDC-47CF-853F-1D879FAD59DC}.Debug|Any CPU.ActiveCfg = Debug|Any CPU
		{9E5AC6CA-BCDC-47CF-853F-1D879FAD59DC}.Debug|Any CPU.Build.0 = Debug|Any CPU
		{9E5AC6CA-BCDC-47CF-853F-1D879FAD59DC}.Release|Any CPU.ActiveCfg = Release|Any CPU
		{9E5AC6CA-BCDC-47CF-853F-1D879FAD59DC}.Release|Any CPU.Build.0 = Release|Any CPU
		{DB0C1F21-CD2D-41A2-B472-4C59C1E1A44F}.Debug|Any CPU.ActiveCfg = Debug|Any CPU
		{DB0C1F21-CD2D-41A2-B472-4C59C1E1A44F}.Debug|Any CPU.Build.0 = Debug|Any CPU
		{DB0C1F21-CD2D-41A2-B472-4C59C1E1A44F}.Release|Any CPU.ActiveCfg = Release|Any CPU
		{DB0C1F21-CD2D-41A2-B472-4C59C1E1A44F}.Release|Any CPU.Build.0 = Release|Any CPU
		{430E64D6-C9C8-4363-8AB3-BFE74C140B3F}.Debug|Any CPU.ActiveCfg = Debug|Any CPU
		{430E64D6-C9C8-4363-8AB3-BFE74C140B3F}.Debug|Any CPU.Build.0 = Debug|Any CPU
		{430E64D6-C9C8-4363-8AB3-BFE74C140B3F}.Release|Any CPU.ActiveCfg = Release|Any CPU
		{430E64D6-C9C8-4363-8AB3-BFE74C140B3F}.Release|Any CPU.Build.0 = Release|Any CPU
	EndGlobalSection
	GlobalSection(SolutionProperties) = preSolution
		HideSolutionNode = FALSE
	EndGlobalSection
	GlobalSection(ExtensibilityGlobals) = postSolution
		SolutionGuid = {9B43AE67-44CD-442C-874F-2E9BA1BC5005}
	EndGlobalSection
EndGlobal
